// !$*UTF8*$!
{
	archiveVersion = 1;
	classes = {
	};
	objectVersion = 50;
	objects = {

/* Begin PBXBuildFile section */
		AD5DC7FC231420F100C81855 /* faketicket2.pdf in Resources */ = {isa = PBXBuildFile; fileRef = AD5DC7FB231420F100C81855 /* faketicket2.pdf */; };
		ADBEFE1523131C5D00365233 /* AppDelegate.swift in Sources */ = {isa = PBXBuildFile; fileRef = ADBEFE1423131C5D00365233 /* AppDelegate.swift */; };
		ADBEFE1723131C5D00365233 /* ViewController.swift in Sources */ = {isa = PBXBuildFile; fileRef = ADBEFE1623131C5D00365233 /* ViewController.swift */; };
		ADBEFE1A23131C5D00365233 /* Main.storyboard in Resources */ = {isa = PBXBuildFile; fileRef = ADBEFE1823131C5D00365233 /* Main.storyboard */; };
		ADBEFE1C23131C5E00365233 /* Assets.xcassets in Resources */ = {isa = PBXBuildFile; fileRef = ADBEFE1B23131C5E00365233 /* Assets.xcassets */; };
		ADBEFE1F23131C5E00365233 /* LaunchScreen.storyboard in Resources */ = {isa = PBXBuildFile; fileRef = ADBEFE1D23131C5E00365233 /* LaunchScreen.storyboard */; };
		ADBEFE2923133C4400365233 /* IMG_1286small.jpeg in Resources */ = {isa = PBXBuildFile; fileRef = ADBEFE2823133C4400365233 /* IMG_1286small.jpeg */; };
/* End PBXBuildFile section */

/* Begin PBXFileReference section */
		AD5DC7FB231420F100C81855 /* faketicket2.pdf */ = {isa = PBXFileReference; lastKnownFileType = image.pdf; path = faketicket2.pdf; sourceTree = "<group>"; };
		ADBEFE1123131C5D00365233 /* PDFKit-360iDev2019.app */ = {isa = PBXFileReference; explicitFileType = wrapper.application; includeInIndex = 0; path = "PDFKit-360iDev2019.app"; sourceTree = BUILT_PRODUCTS_DIR; };
		ADBEFE1423131C5D00365233 /* AppDelegate.swift */ = {isa = PBXFileReference; lastKnownFileType = sourcecode.swift; path = AppDelegate.swift; sourceTree = "<group>"; };
		ADBEFE1623131C5D00365233 /* ViewController.swift */ = {isa = PBXFileReference; lastKnownFileType = sourcecode.swift; path = ViewController.swift; sourceTree = "<group>"; };
		ADBEFE1923131C5D00365233 /* Base */ = {isa = PBXFileReference; lastKnownFileType = file.storyboard; name = Base; path = Base.lproj/Main.storyboard; sourceTree = "<group>"; };
		ADBEFE1B23131C5E00365233 /* Assets.xcassets */ = {isa = PBXFileReference; lastKnownFileType = folder.assetcatalog; path = Assets.xcassets; sourceTree = "<group>"; };
		ADBEFE1E23131C5E00365233 /* Base */ = {isa = PBXFileReference; lastKnownFileType = file.storyboard; name = Base; path = Base.lproj/LaunchScreen.storyboard; sourceTree = "<group>"; };
		ADBEFE2023131C5E00365233 /* Info.plist */ = {isa = PBXFileReference; lastKnownFileType = text.plist.xml; path = Info.plist; sourceTree = "<group>"; };
		ADBEFE2823133C4400365233 /* IMG_1286small.jpeg */ = {isa = PBXFileReference; lastKnownFileType = image.jpeg; path = IMG_1286small.jpeg; sourceTree = "<group>"; };
/* End PBXFileReference section */

/* Begin PBXFrameworksBuildPhase section */
		ADBEFE0E23131C5D00365233 /* Frameworks */ = {
			isa = PBXFrameworksBuildPhase;
			buildActionMask = 2147483647;
			files = (
			);
			runOnlyForDeploymentPostprocessing = 0;
		};
/* End PBXFrameworksBuildPhase section */

/* Begin PBXGroup section */
		ADBEFE0823131C5D00365233 = {
			isa = PBXGroup;
			children = (
				ADBEFE1323131C5D00365233 /* PDFKit-360iDev2019 */,
				ADBEFE1223131C5D00365233 /* Products */,
			);
			sourceTree = "<group>";
		};
		ADBEFE1223131C5D00365233 /* Products */ = {
			isa = PBXGroup;
			children = (
				ADBEFE1123131C5D00365233 /* PDFKit-360iDev2019.app */,
			);
			name = Products;
			sourceTree = "<group>";
		};
		ADBEFE1323131C5D00365233 /* PDFKit-360iDev2019 */ = {
			isa = PBXGroup;
			children = (
				ADBEFE1423131C5D00365233 /* AppDelegate.swift */,
				ADBEFE1623131C5D00365233 /* ViewController.swift */,
				ADBEFE1823131C5D00365233 /* Main.storyboard */,
				AD5DC7FB231420F100C81855 /* faketicket2.pdf */,
				ADBEFE2823133C4400365233 /* IMG_1286small.jpeg */,
				ADBEFE1B23131C5E00365233 /* Assets.xcassets */,
				ADBEFE1D23131C5E00365233 /* LaunchScreen.storyboard */,
				ADBEFE2023131C5E00365233 /* Info.plist */,
			);
			path = "PDFKit-360iDev2019";
			sourceTree = "<group>";
		};
/* End PBXGroup section */

/* Begin PBXNativeTarget section */
		ADBEFE1023131C5D00365233 /* PDFKit-360iDev2019 */ = {
			isa = PBXNativeTarget;
			buildConfigurationList = ADBEFE2323131C5E00365233 /* Build configuration list for PBXNativeTarget "PDFKit-360iDev2019" */;
			buildPhases = (
				ADBEFE0D23131C5D00365233 /* Sources */,
				ADBEFE0E23131C5D00365233 /* Frameworks */,
				ADBEFE0F23131C5D00365233 /* Resources */,
			);
			buildRules = (
			);
			dependencies = (
			);
			name = "PDFKit-360iDev2019";
			productName = "PDFKit-360iDev2019";
			productReference = ADBEFE1123131C5D00365233 /* PDFKit-360iDev2019.app */;
			productType = "com.apple.product-type.application";
		};
/* End PBXNativeTarget section */

/* Begin PBXProject section */
		ADBEFE0923131C5D00365233 /* Project object */ = {
			isa = PBXProject;
			attributes = {
				LastSwiftUpdateCheck = 1020;
				LastUpgradeCheck = 1020;
				ORGANIZATIONNAME = "Proactive Interactive, LLC";
				TargetAttributes = {
					ADBEFE1023131C5D00365233 = {
						CreatedOnToolsVersion = 10.2;
					};
				};
			};
			buildConfigurationList = ADBEFE0C23131C5D00365233 /* Build configuration list for PBXProject "PDFKit-360iDev2019" */;
			compatibilityVersion = "Xcode 9.3";
			developmentRegion = en;
			hasScannedForEncodings = 0;
			knownRegions = (
				en,
				Base,
			);
			mainGroup = ADBEFE0823131C5D00365233;
			productRefGroup = ADBEFE1223131C5D00365233 /* Products */;
			projectDirPath = "";
			projectRoot = "";
			targets = (
				ADBEFE1023131C5D00365233 /* PDFKit-360iDev2019 */,
			);
		};
/* End PBXProject section */

/* Begin PBXResourcesBuildPhase section */
		ADBEFE0F23131C5D00365233 /* Resources */ = {
			isa = PBXResourcesBuildPhase;
			buildActionMask = 2147483647;
			files = (
				ADBEFE1F23131C5E00365233 /* LaunchScreen.storyboard in Resources */,
				ADBEFE2923133C4400365233 /* IMG_1286small.jpeg in Resources */,
				AD5DC7FC231420F100C81855 /* faketicket2.pdf in Resources */,
				ADBEFE1C23131C5E00365233 /* Assets.xcassets in Resources */,
				ADBEFE1A23131C5D00365233 /* Main.storyboard in Resources */,
			);
			runOnlyForDeploymentPostprocessing = 0;
		};
/* End PBXResourcesBuildPhase section */

/* Begin PBXSourcesBuildPhase section */
		ADBEFE0D23131C5D00365233 /* Sources */ = {
			isa = PBXSourcesBuildPhase;
			buildActionMask = 2147483647;
			files = (
				ADBEFE1723131C5D00365233 /* ViewController.swift in Sources */,
				ADBEFE1523131C5D00365233 /* AppDelegate.swift in Sources */,
			);
			runOnlyForDeploymentPostprocessing = 0;
		};
/* End PBXSourcesBuildPhase section */

/* Begin PBXVariantGroup section */
		ADBEFE1823131C5D00365233 /* Main.storyboard */ = {
			isa = PBXVariantGroup;
			children = (
				ADBEFE1923131C5D00365233 /* Base */,
			);
			name = Main.storyboard;
			sourceTree = "<group>";
		};
		ADBEFE1D23131C5E00365233 /* LaunchScreen.storyboard */ = {
			isa = PBXVariantGroup;
			children = (
				ADBEFE1E23131C5E00365233 /* Base */,
			);
			name = LaunchScreen.storyboard;
			sourceTree = "<group>";
		};
/* End PBXVariantGroup section */

/* Begin XCBuildConfiguration section */
		ADBEFE2123131C5E00365233 /* Debug */ = {
			isa = XCBuildConfiguration;
			buildSettings = {
				ALWAYS_SEARCH_USER_PATHS = NO;
				CLANG_ANALYZER_NONNULL = YES;
				CLANG_ANALYZER_NUMBER_OBJECT_CONVERSION = YES_AGGRESSIVE;
				CLANG_CXX_LANGUAGE_STANDARD = "gnu++14";
				CLANG_CXX_LIBRARY = "libc++";
				CLANG_ENABLE_MODULES = YES;
				CLANG_ENABLE_OBJC_ARC = YES;
				CLANG_ENABLE_OBJC_WEAK = YES;
				CLANG_WARN_BLOCK_CAPTURE_AUTORELEASING = YES;
				CLANG_WARN_BOOL_CONVERSION = YES;
				CLANG_WARN_COMMA = YES;
				CLANG_WARN_CONSTANT_CONVERSION = YES;
				CLANG_WARN_DEPRECATED_OBJC_IMPLEMENTATIONS = YES;
				CLANG_WARN_DIRECT_OBJC_ISA_USAGE = YES_ERROR;
				CLANG_WARN_DOCUMENTATION_COMMENTS = YES;
				CLANG_WARN_EMPTY_BODY = YES;
				CLANG_WARN_ENUM_CONVERSION = YES;
				CLANG_WARN_INFINITE_RECURSION = YES;
				CLANG_WARN_INT_CONVERSION = YES;
				CLANG_WARN_NON_LITERAL_NULL_CONVERSION = YES;
				CLANG_WARN_OBJC_IMPLICIT_RETAIN_SELF = YES;
				CLANG_WARN_OBJC_LITERAL_CONVERSION = YES;
				CLANG_WARN_OBJC_ROOT_CLASS = YES_ERROR;
				CLANG_WARN_RANGE_LOOP_ANALYSIS = YES;
				CLANG_WARN_STRICT_PROTOTYPES = YES;
				CLANG_WARN_SUSPICIOUS_MOVE = YES;
				CLANG_WARN_UNGUARDED_AVAILABILITY = YES_AGGRESSIVE;
				CLANG_WARN_UNREACHABLE_CODE = YES;
				CLANG_WARN__DUPLICATE_METHOD_MATCH = YES;
				CODE_SIGN_IDENTITY = "iPhone Developer";
				COPY_PHASE_STRIP = NO;
				DEBUG_INFORMATION_FORMAT = dwarf;
				ENABLE_STRICT_OBJC_MSGSEND = YES;
				ENABLE_TESTABILITY = YES;
				GCC_C_LANGUAGE_STANDARD = gnu11;
				GCC_DYNAMIC_NO_PIC = NO;
				GCC_NO_COMMON_BLOCKS = YES;
				GCC_OPTIMIZATION_LEVEL = 0;
				GCC_PREPROCESSOR_DEFINITIONS = (
					"DEBUG=1",
					"$(inherited)",
				);
				GCC_WARN_64_TO_32_BIT_CONVERSION = YES;
				GCC_WARN_ABOUT_RETURN_TYPE = YES_ERROR;
				GCC_WARN_UNDECLARED_SELECTOR = YES;
				GCC_WARN_UNINITIALIZED_AUTOS = YES_AGGRESSIVE;
				GCC_WARN_UNUSED_FUNCTION = YES;
				GCC_WARN_UNUSED_VARIABLE = YES;
				IPHONEOS_DEPLOYMENT_TARGET = 12.2;
				MTL_ENABLE_DEBUG_INFO = INCLUDE_SOURCE;
				MTL_FAST_MATH = YES;
				ONLY_ACTIVE_ARCH = YES;
				SDKROOT = iphoneos;
				SWIFT_ACTIVE_COMPILATION_CONDITIONS = DEBUG;
				SWIFT_OPTIMIZATION_LEVEL = "-Onone";
			};
			name = Debug;
		};
		ADBEFE2223131C5E00365233 /* Release */ = {
			isa = XCBuildConfiguration;
			buildSettings = {
				ALWAYS_SEARCH_USER_PATHS = NO;
				CLANG_ANALYZER_NONNULL = YES;
				CLANG_ANALYZER_NUMBER_OBJECT_CONVERSION = YES_AGGRESSIVE;
				CLANG_CXX_LANGUAGE_STANDARD = "gnu++14";
				CLANG_CXX_LIBRARY = "libc++";
				CLANG_ENABLE_MODULES = YES;
				CLANG_ENABLE_OBJC_ARC = YES;
				CLANG_ENABLE_OBJC_WEAK = YES;
				CLANG_WARN_BLOCK_CAPTURE_AUTORELEASING = YES;
				CLANG_WARN_BOOL_CONVERSION = YES;
				CLANG_WARN_COMMA = YES;
				CLANG_WARN_CONSTANT_CONVERSION = YES;
				CLANG_WARN_DEPRECATED_OBJC_IMPLEMENTATIONS = YES;
				CLANG_WARN_DIRECT_OBJC_ISA_USAGE = YES_ERROR;
				CLANG_WARN_DOCUMENTATION_COMMENTS = YES;
				CLANG_WARN_EMPTY_BODY = YES;
				CLANG_WARN_ENUM_CONVERSION = YES;
				CLANG_WARN_INFINITE_RECURSION = YES;
				CLANG_WARN_INT_CONVERSION = YES;
				CLANG_WARN_NON_LITERAL_NULL_CONVERSION = YES;
				CLANG_WARN_OBJC_IMPLICIT_RETAIN_SELF = YES;
				CLANG_WARN_OBJC_LITERAL_CONVERSION = YES;
				CLANG_WARN_OBJC_ROOT_CLASS = YES_ERROR;
				CLANG_WARN_RANGE_LOOP_ANALYSIS = YES;
				CLANG_WARN_STRICT_PROTOTYPES = YES;
				CLANG_WARN_SUSPICIOUS_MOVE = YES;
				CLANG_WARN_UNGUARDED_AVAILABILITY = YES_AGGRESSIVE;
				CLANG_WARN_UNREACHABLE_CODE = YES;
				CLANG_WARN__DUPLICATE_METHOD_MATCH = YES;
				CODE_SIGN_IDENTITY = "iPhone Developer";
				COPY_PHASE_STRIP = NO;
				DEBUG_INFORMATION_FORMAT = "dwarf-with-dsym";
				ENABLE_NS_ASSERTIONS = NO;
				ENABLE_STRICT_OBJC_MSGSEND = YES;
				GCC_C_LANGUAGE_STANDARD = gnu11;
				GCC_NO_COMMON_BLOCKS = YES;
				GCC_WARN_64_TO_32_BIT_CONVERSION = YES;
				GCC_WARN_ABOUT_RETURN_TYPE = YES_ERROR;
				GCC_WARN_UNDECLARED_SELECTOR = YES;
				GCC_WARN_UNINITIALIZED_AUTOS = YES_AGGRESSIVE;
				GCC_WARN_UNUSED_FUNCTION = YES;
				GCC_WARN_UNUSED_VARIABLE = YES;
				IPHONEOS_DEPLOYMENT_TARGET = 12.2;
				MTL_ENABLE_DEBUG_INFO = NO;
				MTL_FAST_MATH = YES;
				SDKROOT = iphoneos;
				SWIFT_COMPILATION_MODE = wholemodule;
				SWIFT_OPTIMIZATION_LEVEL = "-O";
				VALIDATE_PRODUCT = YES;
			};
			name = Release;
		};
		ADBEFE2423131C5E00365233 /* Debug */ = {
			isa = XCBuildConfiguration;
			buildSettings = {
				ASSETCATALOG_COMPILER_APPICON_NAME = AppIcon;
				CODE_SIGN_STYLE = Automatic;
				DEVELOPMENT_TEAM = J2DK828368;
				INFOPLIST_FILE = "PDFKit-360iDev2019/Info.plist";
				LD_RUNPATH_SEARCH_PATHS = (
					"$(inherited)",
					"@executable_path/Frameworks",
				);
				PRODUCT_BUNDLE_IDENTIFIER = "com.proactiveinteractive.PDFKit-360iDev2019";
				PRODUCT_NAME = "$(TARGET_NAME)";
				SWIFT_VERSION = 5.0;
				TARGETED_DEVICE_FAMILY = 2;
			};
			name = Debug;
		};
		ADBEFE2523131C5E00365233 /* Release */ = {
			isa = XCBuildConfiguration;
			buildSettings = {
				ASSETCATALOG_COMPILER_APPICON_NAME = AppIcon;
				CODE_SIGN_STYLE = Automatic;
				DEVELOPMENT_TEAM = J2DK828368;
				INFOPLIST_FILE = "PDFKit-360iDev2019/Info.plist";
				LD_RUNPATH_SEARCH_PATHS = (
					"$(inherited)",
					"@executable_path/Frameworks",
				);
				PRODUCT_BUNDLE_IDENTIFIER = "com.proactiveinteractive.PDFKit-360iDev2019";
				PRODUCT_NAME = "$(TARGET_NAME)";
				SWIFT_VERSION = 5.0;
				TARGETED_DEVICE_FAMILY = 2;
			};
			name = Release;
		};
/* End XCBuildConfiguration section */

/* Begin XCConfigurationList section */
		ADBEFE0C23131C5D00365233 /* Build configuration list for PBXProject "PDFKit-360iDev2019" */ = {
			isa = XCConfigurationList;
			buildConfigurations = (
				ADBEFE2123131C5E00365233 /* Debug */,
				ADBEFE2223131C5E00365233 /* Release */,
			);
			defaultConfigurationIsVisible = 0;
			defaultConfigurationName = Release;
		};
		ADBEFE2323131C5E00365233 /* Build configuration list for PBXNativeTarget "PDFKit-360iDev2019" */ = {
			isa = XCConfigurationList;
			buildConfigurations = (
				ADBEFE2423131C5E00365233 /* Debug */,
				ADBEFE2523131C5E00365233 /* Release */,
			);
			defaultConfigurationIsVisible = 0;
			defaultConfigurationName = Release;
		};
/* End XCConfigurationList section */
	};
	rootObject = ADBEFE0923131C5D00365233 /* Project object */;
}
